
Microsoft Visual Studio Solution File, Format Version 12.00
# Visual Studio Version 16
VisualStudioVersion = 16.0.31205.134
MinimumVisualStudioVersion = 10.0.40219.1
Project("{9A19103F-16F7-4668-BE54-9A1E7A4F7556}") = "BackEndChallenge", "BackEndChallenge.csproj", "{F66972B9-E1E1-4EC4-B809-0C8D3D9616A5}"
EndProject
Project("{9A19103F-16F7-4668-BE54-9A1E7A4F7556}") = "BackEndChallengeTests", "..\TestProject1\BackEndChallengeTests.csproj", "{1E488F72-8DCC-4B76-925C-8D63E1555CC1}"
EndProject
Global
	GlobalSection(SolutionConfigurationPlatforms) = preSolution
		Debug|Any CPU = Debug|Any CPU
		Release|Any CPU = Release|Any CPU
	EndGlobalSection
	GlobalSection(ProjectConfigurationPlatforms) = postSolution
		{F66972B9-E1E1-4EC4-B809-0C8D3D9616A5}.Debug|Any CPU.ActiveCfg = Debug|Any CPU
		{F66972B9-E1E1-4EC4-B809-0C8D3D9616A5}.Debug|Any CPU.Build.0 = Debug|Any CPU
		{F66972B9-E1E1-4EC4-B809-0C8D3D9616A5}.Release|Any CPU.ActiveCfg = Release|Any CPU
		{F66972B9-E1E1-4EC4-B809-0C8D3D9616A5}.Release|Any CPU.Build.0 = Release|Any CPU
		{1E488F72-8DCC-4B76-925C-8D63E1555CC1}.Debug|Any CPU.ActiveCfg = Debug|Any CPU
		{1E488F72-8DCC-4B76-925C-8D63E1555CC1}.Debug|Any CPU.Build.0 = Debug|Any CPU
		{1E488F72-8DCC-4B76-925C-8D63E1555CC1}.Release|Any CPU.ActiveCfg = Release|Any CPU
		{1E488F72-8DCC-4B76-925C-8D63E1555CC1}.Release|Any CPU.Build.0 = Release|Any CPU
	EndGlobalSection
	GlobalSection(SolutionProperties) = preSolution
		HideSolutionNode = FALSE
	EndGlobalSection
	GlobalSection(ExtensibilityGlobals) = postSolution
		SolutionGuid = {9139D9B7-6945-499F-87EE-D3FE29B40774}
	EndGlobalSection
EndGlobal
